
Microsoft Visual Studio Solution File, Format Version 12.00
# Visual Studio Version 16
VisualStudioVersion = 16.0.29424.173
MinimumVisualStudioVersion = 10.0.40219.1
Project("{FAE04EC0-301F-11D3-BF4B-00C04F79EFBC}") = "MyHangManGame", "MyHangManGame\MyHangManGame.csproj", "{C9A15948-3972-40BC-A0DC-CA54DECFD6E3}"
EndProject
Global
	GlobalSection(SolutionConfigurationPlatforms) = preSolution
		Debug|Any CPU = Debug|Any CPU
		Release|Any CPU = Release|Any CPU
	EndGlobalSection
	GlobalSection(ProjectConfigurationPlatforms) = postSolution
		{C9A15948-3972-40BC-A0DC-CA54DECFD6E3}.Debug|Any CPU.ActiveCfg = Debug|Any CPU
		{C9A15948-3972-40BC-A0DC-CA54DECFD6E3}.Debug|Any CPU.Build.0 = Debug|Any CPU
		{C9A15948-3972-40BC-A0DC-CA54DECFD6E3}.Release|Any CPU.ActiveCfg = Release|Any CPU
		{C9A15948-3972-40BC-A0DC-CA54DECFD6E3}.Release|Any CPU.Build.0 = Release|Any CPU
	EndGlobalSection
	GlobalSection(SolutionProperties) = preSolution
		HideSolutionNode = FALSE
	EndGlobalSection
	GlobalSection(ExtensibilityGlobals) = postSolution
		SolutionGuid = {1859476E-DF8F-4D52-B1E4-B4F68DF747D5}
	EndGlobalSection
EndGlobal
